
Microsoft Visual Studio Solution File, Format Version 12.00
# Visual Studio Version 17
VisualStudioVersion = 17.8.34004.107
MinimumVisualStudioVersion = 10.0.40219.1
Project("{2150E333-8FDC-42A3-9474-1A3956D46DE8}") = "Solution Items", "Solution Items", "{963F944D-CCC2-444D-8DD9-CBA493D8D7DE}"
	ProjectSection(SolutionItems) = preProject
		.gitignore = .gitignore
		DevEnvironment.md = DevEnvironment.md
		LICENSE = LICENSE
		README.md = README.md
	EndProjectSection
EndProject
Project("{FAE04EC0-301F-11D3-BF4B-00C04F79EFBC}") = "z019.EodHistoricalData", "z019.EodHistoricalData\z019.EodHistoricalData.csproj", "{DD96B517-85B5-4B3B-AEA2-4A8D0706098D}"
EndProject
Project("{FAE04EC0-301F-11D3-BF4B-00C04F79EFBC}") = "z019.EodHistoricalDataTests", "z019.EodHistoricalDataTests\z019.EodHistoricalDataTests.csproj", "{73A4772E-FA3A-4582-8B88-12FFDC51A9A0}"
EndProject
Global
	GlobalSection(SolutionConfigurationPlatforms) = preSolution
		Debug|Any CPU = Debug|Any CPU
		Release|Any CPU = Release|Any CPU
	EndGlobalSection
	GlobalSection(ProjectConfigurationPlatforms) = postSolution
		{DD96B517-85B5-4B3B-AEA2-4A8D0706098D}.Debug|Any CPU.ActiveCfg = Debug|Any CPU
		{DD96B517-85B5-4B3B-AEA2-4A8D0706098D}.Debug|Any CPU.Build.0 = Debug|Any CPU
		{DD96B517-85B5-4B3B-AEA2-4A8D0706098D}.Release|Any CPU.ActiveCfg = Release|Any CPU
		{DD96B517-85B5-4B3B-AEA2-4A8D0706098D}.Release|Any CPU.Build.0 = Release|Any CPU
		{73A4772E-FA3A-4582-8B88-12FFDC51A9A0}.Debug|Any CPU.ActiveCfg = Debug|Any CPU
		{73A4772E-FA3A-4582-8B88-12FFDC51A9A0}.Debug|Any CPU.Build.0 = Debug|Any CPU
		{73A4772E-FA3A-4582-8B88-12FFDC51A9A0}.Release|Any CPU.ActiveCfg = Release|Any CPU
		{73A4772E-FA3A-4582-8B88-12FFDC51A9A0}.Release|Any CPU.Build.0 = Release|Any CPU
	EndGlobalSection
	GlobalSection(SolutionProperties) = preSolution
		HideSolutionNode = FALSE
	EndGlobalSection
	GlobalSection(ExtensibilityGlobals) = postSolution
		SolutionGuid = {84083CB0-E69C-4E06-9B41-C4AC549C960D}
	EndGlobalSection
EndGlobal
